{
  "originHash" : "370a2b9ec01f27d267b2aa7d169531c29aa2514dbf01c0d35d939629c1c12642",
  "pins" : [
    {
      "identity" : "didomi-ios-sdk-spm",
      "kind" : "remoteSourceControl",
      "location" : "https://github.com/didomi/didomi-ios-sdk-spm",
      "state" : {
        "revision" : "a979e29de9b2f84ed5d243e9282ca9552305557a",
        "version" : "2.46.0"
      }
    }
  ],
  "version" : 3
}
