{
  "originHash" : "370a2b9ec01f27d267b2aa7d169531c29aa2514dbf01c0d35d939629c1c12642",
  "pins" : [
    {
      "identity" : "didomi-ios-sdk-spm",
      "kind" : "remoteSourceControl",
      "location" : "https://github.com/didomi/didomi-ios-sdk-spm",
      "state" : {
        "revision" : "4150097434754d44ffbb958205e74d2cc64e5a6f",
        "version" : "2.48.0"
      }
    }
  ],
  "version" : 3
}
